// !$*UTF8*$!
{
	archiveVersion = 1;
	classes = {
	};
	objectVersion = 46;
	objects = {

/* Begin PBXBuildFile section */
		149D5DBA1BF9546C004889EF /* AppDelegate.swift in Sources */ = {isa = PBXBuildFile; fileRef = 149D5DB91BF9546C004889EF /* AppDelegate.swift */; };
		149D5DBC1BF9546C004889EF /* ViewController.swift in Sources */ = {isa = PBXBuildFile; fileRef = 149D5DBB1BF9546C004889EF /* ViewController.swift */; };
		149D5DBF1BF9546C004889EF /* Main.storyboard in Resources */ = {isa = PBXBuildFile; fileRef = 149D5DBD1BF9546C004889EF /* Main.storyboard */; };
		149D5DC11BF9546C004889EF /* Assets.xcassets in Resources */ = {isa = PBXBuildFile; fileRef = 149D5DC01BF9546C004889EF /* Assets.xcassets */; };
		149D5DC41BF9546C004889EF /* LaunchScreen.storyboard in Resources */ = {isa = PBXBuildFile; fileRef = 149D5DC21BF9546C004889EF /* LaunchScreen.storyboard */; };
		149D5DCF1BF9546C004889EF /* pruebaGitTests.swift in Sources */ = {isa = PBXBuildFile; fileRef = 149D5DCE1BF9546C004889EF /* pruebaGitTests.swift */; };
		149D5DDA1BF9546C004889EF /* pruebaGitUITests.swift in Sources */ = {isa = PBXBuildFile; fileRef = 149D5DD91BF9546C004889EF /* pruebaGitUITests.swift */; };
/* End PBXBuildFile section */

/* Begin PBXContainerItemProxy section */
		149D5DCB1BF9546C004889EF /* PBXContainerItemProxy */ = {
			isa = PBXContainerItemProxy;
			containerPortal = 149D5DAE1BF9546C004889EF /* Project object */;
			proxyType = 1;
			remoteGlobalIDString = 149D5DB51BF9546C004889EF;
			remoteInfo = pruebaGit;
		};
		149D5DD61BF9546C004889EF /* PBXContainerItemProxy */ = {
			isa = PBXContainerItemProxy;
			containerPortal = 149D5DAE1BF9546C004889EF /* Project object */;
			proxyType = 1;
			remoteGlobalIDString = 149D5DB51BF9546C004889EF;
			remoteInfo = pruebaGit;
		};
/* End PBXContainerItemProxy section */

/* Begin PBXFileReference section */
		149D5DB61BF9546C004889EF /* pruebaGit.app */ = {isa = PBXFileReference; explicitFileType = wrapper.application; includeInIndex = 0; path = pruebaGit.app; sourceTree = BUILT_PRODUCTS_DIR; };
		149D5DB91BF9546C004889EF /* AppDelegate.swift */ = {isa = PBXFileReference; lastKnownFileType = sourcecode.swift; path = AppDelegate.swift; sourceTree = "<group>"; };
		149D5DBB1BF9546C004889EF /* ViewController.swift */ = {isa = PBXFileReference; lastKnownFileType = sourcecode.swift; path = ViewController.swift; sourceTree = "<group>"; };
		149D5DBE1BF9546C004889EF /* Base */ = {isa = PBXFileReference; lastKnownFileType = file.storyboard; name = Base; path = Base.lproj/Main.storyboard; sourceTree = "<group>"; };
		149D5DC01BF9546C004889EF /* Assets.xcassets */ = {isa = PBXFileReference; lastKnownFileType = folder.assetcatalog; path = Assets.xcassets; sourceTree = "<group>"; };
		149D5DC31BF9546C004889EF /* Base */ = {isa = PBXFileReference; lastKnownFileType = file.storyboard; name = Base; path = Base.lproj/LaunchScreen.storyboard; sourceTree = "<group>"; };
		149D5DC51BF9546C004889EF /* Info.plist */ = {isa = PBXFileReference; lastKnownFileType = text.plist.xml; path = Info.plist; sourceTree = "<group>"; };
		149D5DCA1BF9546C004889EF /* pruebaGitTests.xctest */ = {isa = PBXFileReference; explicitFileType = wrapper.cfbundle; includeInIndex = 0; path = pruebaGitTests.xctest; sourceTree = BUILT_PRODUCTS_DIR; };
		149D5DCE1BF9546C004889EF /* pruebaGitTests.swift */ = {isa = PBXFileReference; lastKnownFileType = sourcecode.swift; path = pruebaGitTests.swift; sourceTree = "<group>"; };
		149D5DD01BF9546C004889EF /* Info.plist */ = {isa = PBXFileReference; lastKnownFileType = text.plist.xml; path = Info.plist; sourceTree = "<group>"; };
		149D5DD51BF9546C004889EF /* pruebaGitUITests.xctest */ = {isa = PBXFileReference; explicitFileType = wrapper.cfbundle; includeInIndex = 0; path = pruebaGitUITests.xctest; sourceTree = BUILT_PRODUCTS_DIR; };
		149D5DD91BF9546C004889EF /* pruebaGitUITests.swift */ = {isa = PBXFileReference; lastKnownFileType = sourcecode.swift; path = pruebaGitUITests.swift; sourceTree = "<group>"; };
		149D5DDB1BF9546C004889EF /* Info.plist */ = {isa = PBXFileReference; lastKnownFileType = text.plist.xml; path = Info.plist; sourceTree = "<group>"; };
		149D5DE71BF95CB2004889EF /* JuegoDeMemoria.playground */ = {isa = PBXFileReference; lastKnownFileType = file.playground; path = JuegoDeMemoria.playground; sourceTree = "<group>"; };
/* End PBXFileReference section */

/* Begin PBXFrameworksBuildPhase section */
		149D5DB31BF9546C004889EF /* Frameworks */ = {
			isa = PBXFrameworksBuildPhase;
			buildActionMask = 2147483647;
			files = (
			);
			runOnlyForDeploymentPostprocessing = 0;
		};
		149D5DC71BF9546C004889EF /* Frameworks */ = {
			isa = PBXFrameworksBuildPhase;
			buildActionMask = 2147483647;
			files = (
			);
			runOnlyForDeploymentPostprocessing = 0;
		};
		149D5DD21BF9546C004889EF /* Frameworks */ = {
			isa = PBXFrameworksBuildPhase;
			buildActionMask = 2147483647;
			files = (
			);
			runOnlyForDeploymentPostprocessing = 0;
		};
/* End PBXFrameworksBuildPhase section */

/* Begin PBXGroup section */
		149D5DAD1BF9546C004889EF = {
			isa = PBXGroup;
			children = (
				149D5DE71BF95CB2004889EF /* JuegoDeMemoria.playground */,
				149D5DB81BF9546C004889EF /* pruebaGit */,
				149D5DCD1BF9546C004889EF /* pruebaGitTests */,
				149D5DD81BF9546C004889EF /* pruebaGitUITests */,
				149D5DB71BF9546C004889EF /* Products */,
			);
			sourceTree = "<group>";
		};
		149D5DB71BF9546C004889EF /* Products */ = {
			isa = PBXGroup;
			children = (
				149D5DB61BF9546C004889EF /* pruebaGit.app */,
				149D5DCA1BF9546C004889EF /* pruebaGitTests.xctest */,
				149D5DD51BF9546C004889EF /* pruebaGitUITests.xctest */,
			);
			name = Products;
			sourceTree = "<group>";
		};
		149D5DB81BF9546C004889EF /* pruebaGit */ = {
			isa = PBXGroup;
			children = (
				149D5DB91BF9546C004889EF /* AppDelegate.swift */,
				149D5DBB1BF9546C004889EF /* ViewController.swift */,
				149D5DBD1BF9546C004889EF /* Main.storyboard */,
				149D5DC01BF9546C004889EF /* Assets.xcassets */,
				149D5DC21BF9546C004889EF /* LaunchScreen.storyboard */,
				149D5DC51BF9546C004889EF /* Info.plist */,
			);
			path = pruebaGit;
			sourceTree = "<group>";
		};
		149D5DCD1BF9546C004889EF /* pruebaGitTests */ = {
			isa = PBXGroup;
			children = (
				149D5DCE1BF9546C004889EF /* pruebaGitTests.swift */,
				149D5DD01BF9546C004889EF /* Info.plist */,
			);
			path = pruebaGitTests;
			sourceTree = "<group>";
		};
		149D5DD81BF9546C004889EF /* pruebaGitUITests */ = {
			isa = PBXGroup;
			children = (
				149D5DD91BF9546C004889EF /* pruebaGitUITests.swift */,
				149D5DDB1BF9546C004889EF /* Info.plist */,
			);
			path = pruebaGitUITests;
			sourceTree = "<group>";
		};
/* End PBXGroup section */

/* Begin PBXNativeTarget section */
		149D5DB51BF9546C004889EF /* pruebaGit */ = {
			isa = PBXNativeTarget;
			buildConfigurationList = 149D5DDE1BF9546C004889EF /* Build configuration list for PBXNativeTarget "pruebaGit" */;
			buildPhases = (
				149D5DB21BF9546C004889EF /* Sources */,
				149D5DB31BF9546C004889EF /* Frameworks */,
				149D5DB41BF9546C004889EF /* Resources */,
			);
			buildRules = (
			);
			dependencies = (
			);
			name = pruebaGit;
			productName = pruebaGit;
			productReference = 149D5DB61BF9546C004889EF /* pruebaGit.app */;
			productType = "com.apple.product-type.application";
		};
		149D5DC91BF9546C004889EF /* pruebaGitTests */ = {
			isa = PBXNativeTarget;
			buildConfigurationList = 149D5DE11BF9546C004889EF /* Build configuration list for PBXNativeTarget "pruebaGitTests" */;
			buildPhases = (
				149D5DC61BF9546C004889EF /* Sources */,
				149D5DC71BF9546C004889EF /* Frameworks */,
				149D5DC81BF9546C004889EF /* Resources */,
			);
			buildRules = (
			);
			dependencies = (
				149D5DCC1BF9546C004889EF /* PBXTargetDependency */,
			);
			name = pruebaGitTests;
			productName = pruebaGitTests;
			productReference = 149D5DCA1BF9546C004889EF /* pruebaGitTests.xctest */;
			productType = "com.apple.product-type.bundle.unit-test";
		};
		149D5DD41BF9546C004889EF /* pruebaGitUITests */ = {
			isa = PBXNativeTarget;
			buildConfigurationList = 149D5DE41BF9546C004889EF /* Build configuration list for PBXNativeTarget "pruebaGitUITests" */;
			buildPhases = (
				149D5DD11BF9546C004889EF /* Sources */,
				149D5DD21BF9546C004889EF /* Frameworks */,
				149D5DD31BF9546C004889EF /* Resources */,
			);
			buildRules = (
			);
			dependencies = (
				149D5DD71BF9546C004889EF /* PBXTargetDependency */,
			);
			name = pruebaGitUITests;
			productName = pruebaGitUITests;
			productReference = 149D5DD51BF9546C004889EF /* pruebaGitUITests.xctest */;
			productType = "com.apple.product-type.bundle.ui-testing";
		};
/* End PBXNativeTarget section */

/* Begin PBXProject section */
		149D5DAE1BF9546C004889EF /* Project object */ = {
			isa = PBXProject;
			attributes = {
				LastSwiftUpdateCheck = 0720;
				LastUpgradeCheck = 0720;
				ORGANIZATIONNAME = "Mirna Arellano";
				TargetAttributes = {
					149D5DB51BF9546C004889EF = {
						CreatedOnToolsVersion = 7.2;
					};
					149D5DC91BF9546C004889EF = {
						CreatedOnToolsVersion = 7.2;
						TestTargetID = 149D5DB51BF9546C004889EF;
					};
					149D5DD41BF9546C004889EF = {
						CreatedOnToolsVersion = 7.2;
						TestTargetID = 149D5DB51BF9546C004889EF;
					};
				};
			};
			buildConfigurationList = 149D5DB11BF9546C004889EF /* Build configuration list for PBXProject "pruebaGit" */;
			compatibilityVersion = "Xcode 3.2";
			developmentRegion = English;
			hasScannedForEncodings = 0;
			knownRegions = (
				en,
				Base,
			);
			mainGroup = 149D5DAD1BF9546C004889EF;
			productRefGroup = 149D5DB71BF9546C004889EF /* Products */;
			projectDirPath = "";
			projectRoot = "";
			targets = (
				149D5DB51BF9546C004889EF /* pruebaGit */,
				149D5DC91BF9546C004889EF /* pruebaGitTests */,
				149D5DD41BF9546C004889EF /* pruebaGitUITests */,
			);
		};
/* End PBXProject section */

/* Begin PBXResourcesBuildPhase section */
		149D5DB41BF9546C004889EF /* Resources */ = {
			isa = PBXResourcesBuildPhase;
			buildActionMask = 2147483647;
			files = (
				149D5DC41BF9546C004889EF /* LaunchScreen.storyboard in Resources */,
				149D5DC11BF9546C004889EF /* Assets.xcassets in Resources */,
				149D5DBF1BF9546C004889EF /* Main.storyboard in Resources */,
			);
			runOnlyForDeploymentPostprocessing = 0;
		};
		149D5DC81BF9546C004889EF /* Resources */ = {
			isa = PBXResourcesBuildPhase;
			buildActionMask = 2147483647;
			files = (
			);
			runOnlyForDeploymentPostprocessing = 0;
		};
		149D5DD31BF9546C004889EF /* Resources */ = {
			isa = PBXResourcesBuildPhase;
			buildActionMask = 2147483647;
			files = (
			);
			runOnlyForDeploymentPostprocessing = 0;
		};
/* End PBXResourcesBuildPhase section */

/* Begin PBXSourcesBuildPhase section */
		149D5DB21BF9546C004889EF /* Sources */ = {
			isa = PBXSourcesBuildPhase;
			buildActionMask = 2147483647;
			files = (
				149D5DBC1BF9546C004889EF /* ViewController.swift in Sources */,
				149D5DBA1BF9546C004889EF /* AppDelegate.swift in Sources */,
			);
			runOnlyForDeploymentPostprocessing = 0;
		};
		149D5DC61BF9546C004889EF /* Sources */ = {
			isa = PBXSourcesBuildPhase;
			buildActionMask = 2147483647;
			files = (
				149D5DCF1BF9546C004889EF /* pruebaGitTests.swift in Sources */,
			);
			runOnlyForDeploymentPostprocessing = 0;
		};
		149D5DD11BF9546C004889EF /* Sources */ = {
			isa = PBXSourcesBuildPhase;
			buildActionMask = 2147483647;
			files = (
				149D5DDA1BF9546C004889EF /* pruebaGitUITests.swift in Sources */,
			);
			runOnlyForDeploymentPostprocessing = 0;
		};
/* End PBXSourcesBuildPhase section */

/* Begin PBXTargetDependency section */
		149D5DCC1BF9546C004889EF /* PBXTargetDependency */ = {
			isa = PBXTargetDependency;
			target = 149D5DB51BF9546C004889EF /* pruebaGit */;
			targetProxy = 149D5DCB1BF9546C004889EF /* PBXContainerItemProxy */;
		};
		149D5DD71BF9546C004889EF /* PBXTargetDependency */ = {
			isa = PBXTargetDependency;
			target = 149D5DB51BF9546C004889EF /* pruebaGit */;
			targetProxy = 149D5DD61BF9546C004889EF /* PBXContainerItemProxy */;
		};
/* End PBXTargetDependency section */

/* Begin PBXVariantGroup section */
		149D5DBD1BF9546C004889EF /* Main.storyboard */ = {
			isa = PBXVariantGroup;
			children = (
				149D5DBE1BF9546C004889EF /* Base */,
			);
			name = Main.storyboard;
			sourceTree = "<group>";
		};
		149D5DC21BF9546C004889EF /* LaunchScreen.storyboard */ = {
			isa = PBXVariantGroup;
			children = (
				149D5DC31BF9546C004889EF /* Base */,
			);
			name = LaunchScreen.storyboard;
			sourceTree = "<group>";
		};
/* End PBXVariantGroup section */

/* Begin XCBuildConfiguration section */
		149D5DDC1BF9546C004889EF /* Debug */ = {
			isa = XCBuildConfiguration;
			buildSettings = {
				ALWAYS_SEARCH_USER_PATHS = NO;
				CLANG_CXX_LANGUAGE_STANDARD = "gnu++0x";
				CLANG_CXX_LIBRARY = "libc++";
				CLANG_ENABLE_MODULES = YES;
				CLANG_ENABLE_OBJC_ARC = YES;
				CLANG_WARN_BOOL_CONVERSION = YES;
				CLANG_WARN_CONSTANT_CONVERSION = YES;
				CLANG_WARN_DIRECT_OBJC_ISA_USAGE = YES_ERROR;
				CLANG_WARN_EMPTY_BODY = YES;
				CLANG_WARN_ENUM_CONVERSION = YES;
				CLANG_WARN_INT_CONVERSION = YES;
				CLANG_WARN_OBJC_ROOT_CLASS = YES_ERROR;
				CLANG_WARN_UNREACHABLE_CODE = YES;
				CLANG_WARN__DUPLICATE_METHOD_MATCH = YES;
				"CODE_SIGN_IDENTITY[sdk=iphoneos*]" = "iPhone Developer";
				COPY_PHASE_STRIP = NO;
				DEBUG_INFORMATION_FORMAT = dwarf;
				ENABLE_STRICT_OBJC_MSGSEND = YES;
				ENABLE_TESTABILITY = YES;
				GCC_C_LANGUAGE_STANDARD = gnu99;
				GCC_DYNAMIC_NO_PIC = NO;
				GCC_NO_COMMON_BLOCKS = YES;
				GCC_OPTIMIZATION_LEVEL = 0;
				GCC_PREPROCESSOR_DEFINITIONS = (
					"DEBUG=1",
					"$(inherited)",
				);
				GCC_WARN_64_TO_32_BIT_CONVERSION = YES;
				GCC_WARN_ABOUT_RETURN_TYPE = YES_ERROR;
				GCC_WARN_UNDECLARED_SELECTOR = YES;
				GCC_WARN_UNINITIALIZED_AUTOS = YES_AGGRESSIVE;
				GCC_WARN_UNUSED_FUNCTION = YES;
				GCC_WARN_UNUSED_VARIABLE = YES;
				IPHONEOS_DEPLOYMENT_TARGET = 9.2;
				MTL_ENABLE_DEBUG_INFO = YES;
				ONLY_ACTIVE_ARCH = YES;
				SDKROOT = iphoneos;
				SWIFT_OPTIMIZATION_LEVEL = "-Onone";
				TARGETED_DEVICE_FAMILY = "1,2";
			};
			name = Debug;
		};
		149D5DDD1BF9546C004889EF /* Release */ = {
			isa = XCBuildConfiguration;
			buildSettings = {
				ALWAYS_SEARCH_USER_PATHS = NO;
				CLANG_CXX_LANGUAGE_STANDARD = "gnu++0x";
				CLANG_CXX_LIBRARY = "libc++";
				CLANG_ENABLE_MODULES = YES;
				CLANG_ENABLE_OBJC_ARC = YES;
				CLANG_WARN_BOOL_CONVERSION = YES;
				CLANG_WARN_CONSTANT_CONVERSION = YES;
				CLANG_WARN_DIRECT_OBJC_ISA_USAGE = YES_ERROR;
				CLANG_WARN_EMPTY_BODY = YES;
				CLANG_WARN_ENUM_CONVERSION = YES;
				CLANG_WARN_INT_CONVERSION = YES;
				CLANG_WARN_OBJC_ROOT_CLASS = YES_ERROR;
				CLANG_WARN_UNREACHABLE_CODE = YES;
				CLANG_WARN__DUPLICATE_METHOD_MATCH = YES;
				"CODE_SIGN_IDENTITY[sdk=iphoneos*]" = "iPhone Developer";
				COPY_PHASE_STRIP = NO;
				DEBUG_INFORMATION_FORMAT = "dwarf-with-dsym";
				ENABLE_NS_ASSERTIONS = NO;
				ENABLE_STRICT_OBJC_MSGSEND = YES;
				GCC_C_LANGUAGE_STANDARD = gnu99;
				GCC_NO_COMMON_BLOCKS = YES;
				GCC_WARN_64_TO_32_BIT_CONVERSION = YES;
				GCC_WARN_ABOUT_RETURN_TYPE = YES_ERROR;
				GCC_WARN_UNDECLARED_SELECTOR = YES;
				GCC_WARN_UNINITIALIZED_AUTOS = YES_AGGRESSIVE;
				GCC_WARN_UNUSED_FUNCTION = YES;
				GCC_WARN_UNUSED_VARIABLE = YES;
				IPHONEOS_DEPLOYMENT_TARGET = 9.2;
				MTL_ENABLE_DEBUG_INFO = NO;
				SDKROOT = iphoneos;
				TARGETED_DEVICE_FAMILY = "1,2";
				VALIDATE_PRODUCT = YES;
			};
			name = Release;
		};
		149D5DDF1BF9546C004889EF /* Debug */ = {
			isa = XCBuildConfiguration;
			buildSettings = {
				ASSETCATALOG_COMPILER_APPICON_NAME = AppIcon;
				INFOPLIST_FILE = pruebaGit/Info.plist;
				LD_RUNPATH_SEARCH_PATHS = "$(inherited) @executable_path/Frameworks";
				PRODUCT_BUNDLE_IDENTIFIER = mx.pruebaGit;
				PRODUCT_NAME = "$(TARGET_NAME)";
			};
			name = Debug;
		};
		149D5DE01BF9546C004889EF /* Release */ = {
			isa = XCBuildConfiguration;
			buildSettings = {
				ASSETCATALOG_COMPILER_APPICON_NAME = AppIcon;
				INFOPLIST_FILE = pruebaGit/Info.plist;
				LD_RUNPATH_SEARCH_PATHS = "$(inherited) @executable_path/Frameworks";
				PRODUCT_BUNDLE_IDENTIFIER = mx.pruebaGit;
				PRODUCT_NAME = "$(TARGET_NAME)";
			};
			name = Release;
		};
		149D5DE21BF9546C004889EF /* Debug */ = {
			isa = XCBuildConfiguration;
			buildSettings = {
				BUNDLE_LOADER = "$(TEST_HOST)";
				INFOPLIST_FILE = pruebaGitTests/Info.plist;
				LD_RUNPATH_SEARCH_PATHS = "$(inherited) @executable_path/Frameworks @loader_path/Frameworks";
				PRODUCT_BUNDLE_IDENTIFIER = mx.pruebaGitTests;
				PRODUCT_NAME = "$(TARGET_NAME)";
				TEST_HOST = "$(BUILT_PRODUCTS_DIR)/pruebaGit.app/pruebaGit";
			};
			name = Debug;
		};
		149D5DE31BF9546C004889EF /* Release */ = {
			isa = XCBuildConfiguration;
			buildSettings = {
				BUNDLE_LOADER = "$(TEST_HOST)";
				INFOPLIST_FILE = pruebaGitTests/Info.plist;
				LD_RUNPATH_SEARCH_PATHS = "$(inherited) @executable_path/Frameworks @loader_path/Frameworks";
				PRODUCT_BUNDLE_IDENTIFIER = mx.pruebaGitTests;
				PRODUCT_NAME = "$(TARGET_NAME)";
				TEST_HOST = "$(BUILT_PRODUCTS_DIR)/pruebaGit.app/pruebaGit";
			};
			name = Release;
		};
		149D5DE51BF9546C004889EF /* Debug */ = {
			isa = XCBuildConfiguration;
			buildSettings = {
				INFOPLIST_FILE = pruebaGitUITests/Info.plist;
				LD_RUNPATH_SEARCH_PATHS = "$(inherited) @executable_path/Frameworks @loader_path/Frameworks";
				PRODUCT_BUNDLE_IDENTIFIER = mx.pruebaGitUITests;
				PRODUCT_NAME = "$(TARGET_NAME)";
				TEST_TARGET_NAME = pruebaGit;
				USES_XCTRUNNER = YES;
			};
			name = Debug;
		};
		149D5DE61BF9546C004889EF /* Release */ = {
			isa = XCBuildConfiguration;
			buildSettings = {
				INFOPLIST_FILE = pruebaGitUITests/Info.plist;
				LD_RUNPATH_SEARCH_PATHS = "$(inherited) @executable_path/Frameworks @loader_path/Frameworks";
				PRODUCT_BUNDLE_IDENTIFIER = mx.pruebaGitUITests;
				PRODUCT_NAME = "$(TARGET_NAME)";
				TEST_TARGET_NAME = pruebaGit;
				USES_XCTRUNNER = YES;
			};
			name = Release;
		};
/* End XCBuildConfiguration section */

/* Begin XCConfigurationList section */
		149D5DB11BF9546C004889EF /* Build configuration list for PBXProject "pruebaGit" */ = {
			isa = XCConfigurationList;
			buildConfigurations = (
				149D5DDC1BF9546C004889EF /* Debug */,
				149D5DDD1BF9546C004889EF /* Release */,
			);
			defaultConfigurationIsVisible = 0;
			defaultConfigurationName = Release;
		};
		149D5DDE1BF9546C004889EF /* Build configuration list for PBXNativeTarget "pruebaGit" */ = {
			isa = XCConfigurationList;
			buildConfigurations = (
				149D5DDF1BF9546C004889EF /* Debug */,
				149D5DE01BF9546C004889EF /* Release */,
			);
			defaultConfigurationIsVisible = 0;
			defaultConfigurationName = Release;
		};
		149D5DE11BF9546C004889EF /* Build configuration list for PBXNativeTarget "pruebaGitTests" */ = {
			isa = XCConfigurationList;
			buildConfigurations = (
				149D5DE21BF9546C004889EF /* Debug */,
				149D5DE31BF9546C004889EF /* Release */,
			);
			defaultConfigurationIsVisible = 0;
			defaultConfigurationName = Release;
		};
		149D5DE41BF9546C004889EF /* Build configuration list for PBXNativeTarget "pruebaGitUITests" */ = {
			isa = XCConfigurationList;
			buildConfigurations = (
				149D5DE51BF9546C004889EF /* Debug */,
				149D5DE61BF9546C004889EF /* Release */,
			);
			defaultConfigurationIsVisible = 0;
			defaultConfigurationName = Release;
		};
/* End XCConfigurationList section */
	};
	rootObject = 149D5DAE1BF9546C004889EF /* Project object */;
}
